
Microsoft Visual Studio Solution File, Format Version 12.00
# Visual Studio Version 17
VisualStudioVersion = 17.8.34309.116
MinimumVisualStudioVersion = 10.0.40219.1
Project("{FAE04EC0-301F-11D3-BF4B-00C04F79EFBC}") = "FAFB-PowerShell-Tool", "FAFB-PowerShell-Tool\FAFB-PowerShell-Tool.csproj", "{C6E51308-E9E0-4738-9D5A-49841912633B}"
EndProject
Project("{C7167F0D-BC9F-4E6E-AFE1-012C56B48DB5}") = "FAFB-PowerShell-Tool.Package", "FAFB-PowerShell-Tool.Package\FAFB-PowerShell-Tool.Package.wapproj", "{C2083856-411C-46E1-B07E-8F97E5D0FA9E}"
EndProject
Global
	GlobalSection(SolutionConfigurationPlatforms) = preSolution
		Debug|Any CPU = Debug|Any CPU
		Debug|ARM = Debug|ARM
		Debug|ARM64 = Debug|ARM64
		Debug|x64 = Debug|x64
		Debug|x86 = Debug|x86
		Release|Any CPU = Release|Any CPU
		Release|ARM = Release|ARM
		Release|ARM64 = Release|ARM64
		Release|x64 = Release|x64
		Release|x86 = Release|x86
	EndGlobalSection
	GlobalSection(ProjectConfigurationPlatforms) = postSolution
		{C6E51308-E9E0-4738-9D5A-49841912633B}.Debug|Any CPU.ActiveCfg = Debug|Any CPU
		{C6E51308-E9E0-4738-9D5A-49841912633B}.Debug|Any CPU.Build.0 = Debug|Any CPU
		{C6E51308-E9E0-4738-9D5A-49841912633B}.Debug|ARM.ActiveCfg = Debug|Any CPU
		{C6E51308-E9E0-4738-9D5A-49841912633B}.Debug|ARM.Build.0 = Debug|Any CPU
		{C6E51308-E9E0-4738-9D5A-49841912633B}.Debug|ARM64.ActiveCfg = Debug|Any CPU
		{C6E51308-E9E0-4738-9D5A-49841912633B}.Debug|ARM64.Build.0 = Debug|Any CPU
		{C6E51308-E9E0-4738-9D5A-49841912633B}.Debug|x64.ActiveCfg = Debug|Any CPU
		{C6E51308-E9E0-4738-9D5A-49841912633B}.Debug|x64.Build.0 = Debug|Any CPU
		{C6E51308-E9E0-4738-9D5A-49841912633B}.Debug|x86.ActiveCfg = Debug|Any CPU
		{C6E51308-E9E0-4738-9D5A-49841912633B}.Debug|x86.Build.0 = Debug|Any CPU
		{C6E51308-E9E0-4738-9D5A-49841912633B}.Release|Any CPU.ActiveCfg = Release|Any CPU
		{C6E51308-E9E0-4738-9D5A-49841912633B}.Release|Any CPU.Build.0 = Release|Any CPU
		{C6E51308-E9E0-4738-9D5A-49841912633B}.Release|ARM.ActiveCfg = Release|Any CPU
		{C6E51308-E9E0-4738-9D5A-49841912633B}.Release|ARM.Build.0 = Release|Any CPU
		{C6E51308-E9E0-4738-9D5A-49841912633B}.Release|ARM64.ActiveCfg = Release|Any CPU
		{C6E51308-E9E0-4738-9D5A-49841912633B}.Release|ARM64.Build.0 = Release|Any CPU
		{C6E51308-E9E0-4738-9D5A-49841912633B}.Release|x64.ActiveCfg = Release|Any CPU
		{C6E51308-E9E0-4738-9D5A-49841912633B}.Release|x64.Build.0 = Release|Any CPU
		{C6E51308-E9E0-4738-9D5A-49841912633B}.Release|x86.ActiveCfg = Release|Any CPU
		{C6E51308-E9E0-4738-9D5A-49841912633B}.Release|x86.Build.0 = Release|Any CPU
		{C2083856-411C-46E1-B07E-8F97E5D0FA9E}.Debug|Any CPU.ActiveCfg = Debug|Any CPU
		{C2083856-411C-46E1-B07E-8F97E5D0FA9E}.Debug|Any CPU.Build.0 = Debug|Any CPU
		{C2083856-411C-46E1-B07E-8F97E5D0FA9E}.Debug|Any CPU.Deploy.0 = Debug|Any CPU
		{C2083856-411C-46E1-B07E-8F97E5D0FA9E}.Debug|ARM.ActiveCfg = Debug|ARM
		{C2083856-411C-46E1-B07E-8F97E5D0FA9E}.Debug|ARM.Build.0 = Debug|ARM
		{C2083856-411C-46E1-B07E-8F97E5D0FA9E}.Debug|ARM.Deploy.0 = Debug|ARM
		{C2083856-411C-46E1-B07E-8F97E5D0FA9E}.Debug|ARM64.ActiveCfg = Debug|ARM64
		{C2083856-411C-46E1-B07E-8F97E5D0FA9E}.Debug|ARM64.Build.0 = Debug|ARM64
		{C2083856-411C-46E1-B07E-8F97E5D0FA9E}.Debug|ARM64.Deploy.0 = Debug|ARM64
		{C2083856-411C-46E1-B07E-8F97E5D0FA9E}.Debug|x64.ActiveCfg = Debug|x64
		{C2083856-411C-46E1-B07E-8F97E5D0FA9E}.Debug|x64.Build.0 = Debug|x64
		{C2083856-411C-46E1-B07E-8F97E5D0FA9E}.Debug|x64.Deploy.0 = Debug|x64
		{C2083856-411C-46E1-B07E-8F97E5D0FA9E}.Debug|x86.ActiveCfg = Debug|x86
		{C2083856-411C-46E1-B07E-8F97E5D0FA9E}.Debug|x86.Build.0 = Debug|x86
		{C2083856-411C-46E1-B07E-8F97E5D0FA9E}.Debug|x86.Deploy.0 = Debug|x86
		{C2083856-411C-46E1-B07E-8F97E5D0FA9E}.Release|Any CPU.ActiveCfg = Release|Any CPU
		{C2083856-411C-46E1-B07E-8F97E5D0FA9E}.Release|Any CPU.Build.0 = Release|Any CPU
		{C2083856-411C-46E1-B07E-8F97E5D0FA9E}.Release|Any CPU.Deploy.0 = Release|Any CPU
		{C2083856-411C-46E1-B07E-8F97E5D0FA9E}.Release|ARM.ActiveCfg = Release|ARM
		{C2083856-411C-46E1-B07E-8F97E5D0FA9E}.Release|ARM.Build.0 = Release|ARM
		{C2083856-411C-46E1-B07E-8F97E5D0FA9E}.Release|ARM.Deploy.0 = Release|ARM
		{C2083856-411C-46E1-B07E-8F97E5D0FA9E}.Release|ARM64.ActiveCfg = Release|ARM64
		{C2083856-411C-46E1-B07E-8F97E5D0FA9E}.Release|ARM64.Build.0 = Release|ARM64
		{C2083856-411C-46E1-B07E-8F97E5D0FA9E}.Release|ARM64.Deploy.0 = Release|ARM64
		{C2083856-411C-46E1-B07E-8F97E5D0FA9E}.Release|x64.ActiveCfg = Release|x64
		{C2083856-411C-46E1-B07E-8F97E5D0FA9E}.Release|x64.Build.0 = Release|x64
		{C2083856-411C-46E1-B07E-8F97E5D0FA9E}.Release|x64.Deploy.0 = Release|x64
		{C2083856-411C-46E1-B07E-8F97E5D0FA9E}.Release|x86.ActiveCfg = Release|x86
		{C2083856-411C-46E1-B07E-8F97E5D0FA9E}.Release|x86.Build.0 = Release|x86
		{C2083856-411C-46E1-B07E-8F97E5D0FA9E}.Release|x86.Deploy.0 = Release|x86
	EndGlobalSection
	GlobalSection(SolutionProperties) = preSolution
		HideSolutionNode = FALSE
	EndGlobalSection
	GlobalSection(ExtensibilityGlobals) = postSolution
		SolutionGuid = {D943E3B5-BE10-4DFA-9E77-ABE6AAFFD304}
	EndGlobalSection
EndGlobal
