
Microsoft Visual Studio Solution File, Format Version 12.00
# Visual Studio Version 17
VisualStudioVersion = 17.8.34309.116
MinimumVisualStudioVersion = 10.0.40219.1
Project("{FAE04EC0-301F-11D3-BF4B-00C04F79EFBC}") = "FAFB-PowerShell-Tool", "FAFB-PowerShell-Tool\FAFB-PowerShell-Tool.csproj", "{72C5F986-BC18-47B9-9EE1-A5E61A7A5A68}"
EndProject
Global
	GlobalSection(SolutionConfigurationPlatforms) = preSolution
		Debug|Any CPU = Debug|Any CPU
		Release|Any CPU = Release|Any CPU
	EndGlobalSection
	GlobalSection(ProjectConfigurationPlatforms) = postSolution
		{72C5F986-BC18-47B9-9EE1-A5E61A7A5A68}.Debug|Any CPU.ActiveCfg = Debug|Any CPU
		{72C5F986-BC18-47B9-9EE1-A5E61A7A5A68}.Debug|Any CPU.Build.0 = Debug|Any CPU
		{72C5F986-BC18-47B9-9EE1-A5E61A7A5A68}.Release|Any CPU.ActiveCfg = Release|Any CPU
		{72C5F986-BC18-47B9-9EE1-A5E61A7A5A68}.Release|Any CPU.Build.0 = Release|Any CPU
	EndGlobalSection
	GlobalSection(SolutionProperties) = preSolution
		HideSolutionNode = FALSE
	EndGlobalSection
	GlobalSection(ExtensibilityGlobals) = postSolution
		SolutionGuid = {FB3EA193-E8C1-4969-A089-D9EDFED20037}
	EndGlobalSection
EndGlobal
