
Microsoft Visual Studio Solution File, Format Version 12.00
# Visual Studio Version 17
VisualStudioVersion = 17.8.34309.116
MinimumVisualStudioVersion = 10.0.40219.1
Project("{9A19103F-16F7-4668-BE54-9A1E7A4F7556}") = "FAFB-PowerShell-Tool", "FAFB-PowerShell-Tool\FAFB-PowerShell-Tool.csproj", "{72C5F986-BC18-47B9-9EE1-A5E61A7A5A68}"
EndProject
Project("{FAE04EC0-301F-11D3-BF4B-00C04F79EFBC}") = "FAFB-PowerShell-Tool.Test", "FAFB-PowerShell-Tool.Test\FAFB-PowerShell-Tool.Test.csproj", "{63B3AB38-2C45-400F-8AA1-FCAF4DC9FBE7}"
EndProject
Project("{C7167F0D-BC9F-4E6E-AFE1-012C56B48DB5}") = "FAFB-PowerShell-Tool.Package", "FAFB-PowerShell-Tool.Package\FAFB-PowerShell-Tool.Package.wapproj", "{3AE0A0E8-4683-4E4A-BA94-AE22F5D0778F}"
EndProject
Global
	GlobalSection(SolutionConfigurationPlatforms) = preSolution
		Debug|Any CPU = Debug|Any CPU
		Debug|ARM = Debug|ARM
		Debug|ARM64 = Debug|ARM64
		Debug|x64 = Debug|x64
		Debug|x86 = Debug|x86
		Release|Any CPU = Release|Any CPU
		Release|ARM = Release|ARM
		Release|ARM64 = Release|ARM64
		Release|x64 = Release|x64
		Release|x86 = Release|x86
	EndGlobalSection
	GlobalSection(ProjectConfigurationPlatforms) = postSolution
		{72C5F986-BC18-47B9-9EE1-A5E61A7A5A68}.Debug|Any CPU.ActiveCfg = Debug|Any CPU
		{72C5F986-BC18-47B9-9EE1-A5E61A7A5A68}.Debug|Any CPU.Build.0 = Debug|Any CPU
		{72C5F986-BC18-47B9-9EE1-A5E61A7A5A68}.Debug|ARM.ActiveCfg = Debug|Any CPU
		{72C5F986-BC18-47B9-9EE1-A5E61A7A5A68}.Debug|ARM.Build.0 = Debug|Any CPU
		{72C5F986-BC18-47B9-9EE1-A5E61A7A5A68}.Debug|ARM64.ActiveCfg = Debug|Any CPU
		{72C5F986-BC18-47B9-9EE1-A5E61A7A5A68}.Debug|ARM64.Build.0 = Debug|Any CPU
		{72C5F986-BC18-47B9-9EE1-A5E61A7A5A68}.Debug|x64.ActiveCfg = Debug|Any CPU
		{72C5F986-BC18-47B9-9EE1-A5E61A7A5A68}.Debug|x64.Build.0 = Debug|Any CPU
		{72C5F986-BC18-47B9-9EE1-A5E61A7A5A68}.Debug|x86.ActiveCfg = Debug|Any CPU
		{72C5F986-BC18-47B9-9EE1-A5E61A7A5A68}.Debug|x86.Build.0 = Debug|Any CPU
		{72C5F986-BC18-47B9-9EE1-A5E61A7A5A68}.Release|Any CPU.ActiveCfg = Release|Any CPU
		{72C5F986-BC18-47B9-9EE1-A5E61A7A5A68}.Release|Any CPU.Build.0 = Release|Any CPU
		{72C5F986-BC18-47B9-9EE1-A5E61A7A5A68}.Release|ARM.ActiveCfg = Release|Any CPU
		{72C5F986-BC18-47B9-9EE1-A5E61A7A5A68}.Release|ARM.Build.0 = Release|Any CPU
		{72C5F986-BC18-47B9-9EE1-A5E61A7A5A68}.Release|ARM64.ActiveCfg = Release|Any CPU
		{72C5F986-BC18-47B9-9EE1-A5E61A7A5A68}.Release|ARM64.Build.0 = Release|Any CPU
		{72C5F986-BC18-47B9-9EE1-A5E61A7A5A68}.Release|x64.ActiveCfg = Release|Any CPU
		{72C5F986-BC18-47B9-9EE1-A5E61A7A5A68}.Release|x64.Build.0 = Release|Any CPU
		{72C5F986-BC18-47B9-9EE1-A5E61A7A5A68}.Release|x86.ActiveCfg = Release|Any CPU
		{72C5F986-BC18-47B9-9EE1-A5E61A7A5A68}.Release|x86.Build.0 = Release|Any CPU
		{63B3AB38-2C45-400F-8AA1-FCAF4DC9FBE7}.Debug|Any CPU.ActiveCfg = Debug|Any CPU
		{63B3AB38-2C45-400F-8AA1-FCAF4DC9FBE7}.Debug|Any CPU.Build.0 = Debug|Any CPU
		{63B3AB38-2C45-400F-8AA1-FCAF4DC9FBE7}.Debug|ARM.ActiveCfg = Debug|Any CPU
		{63B3AB38-2C45-400F-8AA1-FCAF4DC9FBE7}.Debug|ARM.Build.0 = Debug|Any CPU
		{63B3AB38-2C45-400F-8AA1-FCAF4DC9FBE7}.Debug|ARM64.ActiveCfg = Debug|Any CPU
		{63B3AB38-2C45-400F-8AA1-FCAF4DC9FBE7}.Debug|ARM64.Build.0 = Debug|Any CPU
		{63B3AB38-2C45-400F-8AA1-FCAF4DC9FBE7}.Debug|x64.ActiveCfg = Debug|Any CPU
		{63B3AB38-2C45-400F-8AA1-FCAF4DC9FBE7}.Debug|x64.Build.0 = Debug|Any CPU
		{63B3AB38-2C45-400F-8AA1-FCAF4DC9FBE7}.Debug|x86.ActiveCfg = Debug|Any CPU
		{63B3AB38-2C45-400F-8AA1-FCAF4DC9FBE7}.Debug|x86.Build.0 = Debug|Any CPU
		{63B3AB38-2C45-400F-8AA1-FCAF4DC9FBE7}.Release|Any CPU.ActiveCfg = Release|Any CPU
		{63B3AB38-2C45-400F-8AA1-FCAF4DC9FBE7}.Release|Any CPU.Build.0 = Release|Any CPU
		{63B3AB38-2C45-400F-8AA1-FCAF4DC9FBE7}.Release|ARM.ActiveCfg = Release|Any CPU
		{63B3AB38-2C45-400F-8AA1-FCAF4DC9FBE7}.Release|ARM.Build.0 = Release|Any CPU
		{63B3AB38-2C45-400F-8AA1-FCAF4DC9FBE7}.Release|ARM64.ActiveCfg = Release|Any CPU
		{63B3AB38-2C45-400F-8AA1-FCAF4DC9FBE7}.Release|ARM64.Build.0 = Release|Any CPU
		{63B3AB38-2C45-400F-8AA1-FCAF4DC9FBE7}.Release|x64.ActiveCfg = Release|Any CPU
		{63B3AB38-2C45-400F-8AA1-FCAF4DC9FBE7}.Release|x64.Build.0 = Release|Any CPU
		{63B3AB38-2C45-400F-8AA1-FCAF4DC9FBE7}.Release|x86.ActiveCfg = Release|Any CPU
		{63B3AB38-2C45-400F-8AA1-FCAF4DC9FBE7}.Release|x86.Build.0 = Release|Any CPU
		{3AE0A0E8-4683-4E4A-BA94-AE22F5D0778F}.Debug|Any CPU.ActiveCfg = Debug|Any CPU
		{3AE0A0E8-4683-4E4A-BA94-AE22F5D0778F}.Debug|Any CPU.Build.0 = Debug|Any CPU
		{3AE0A0E8-4683-4E4A-BA94-AE22F5D0778F}.Debug|Any CPU.Deploy.0 = Debug|Any CPU
		{3AE0A0E8-4683-4E4A-BA94-AE22F5D0778F}.Debug|ARM.ActiveCfg = Debug|ARM
		{3AE0A0E8-4683-4E4A-BA94-AE22F5D0778F}.Debug|ARM.Build.0 = Debug|ARM
		{3AE0A0E8-4683-4E4A-BA94-AE22F5D0778F}.Debug|ARM.Deploy.0 = Debug|ARM
		{3AE0A0E8-4683-4E4A-BA94-AE22F5D0778F}.Debug|ARM64.ActiveCfg = Debug|ARM64
		{3AE0A0E8-4683-4E4A-BA94-AE22F5D0778F}.Debug|ARM64.Build.0 = Debug|ARM64
		{3AE0A0E8-4683-4E4A-BA94-AE22F5D0778F}.Debug|ARM64.Deploy.0 = Debug|ARM64
		{3AE0A0E8-4683-4E4A-BA94-AE22F5D0778F}.Debug|x64.ActiveCfg = Debug|x64
		{3AE0A0E8-4683-4E4A-BA94-AE22F5D0778F}.Debug|x64.Build.0 = Debug|x64
		{3AE0A0E8-4683-4E4A-BA94-AE22F5D0778F}.Debug|x64.Deploy.0 = Debug|x64
		{3AE0A0E8-4683-4E4A-BA94-AE22F5D0778F}.Debug|x86.ActiveCfg = Debug|x86
		{3AE0A0E8-4683-4E4A-BA94-AE22F5D0778F}.Debug|x86.Build.0 = Debug|x86
		{3AE0A0E8-4683-4E4A-BA94-AE22F5D0778F}.Debug|x86.Deploy.0 = Debug|x86
		{3AE0A0E8-4683-4E4A-BA94-AE22F5D0778F}.Release|Any CPU.ActiveCfg = Release|Any CPU
		{3AE0A0E8-4683-4E4A-BA94-AE22F5D0778F}.Release|Any CPU.Build.0 = Release|Any CPU
		{3AE0A0E8-4683-4E4A-BA94-AE22F5D0778F}.Release|Any CPU.Deploy.0 = Release|Any CPU
		{3AE0A0E8-4683-4E4A-BA94-AE22F5D0778F}.Release|ARM.ActiveCfg = Release|ARM
		{3AE0A0E8-4683-4E4A-BA94-AE22F5D0778F}.Release|ARM.Build.0 = Release|ARM
		{3AE0A0E8-4683-4E4A-BA94-AE22F5D0778F}.Release|ARM.Deploy.0 = Release|ARM
		{3AE0A0E8-4683-4E4A-BA94-AE22F5D0778F}.Release|ARM64.ActiveCfg = Release|ARM64
		{3AE0A0E8-4683-4E4A-BA94-AE22F5D0778F}.Release|ARM64.Build.0 = Release|ARM64
		{3AE0A0E8-4683-4E4A-BA94-AE22F5D0778F}.Release|ARM64.Deploy.0 = Release|ARM64
		{3AE0A0E8-4683-4E4A-BA94-AE22F5D0778F}.Release|x64.ActiveCfg = Release|x64
		{3AE0A0E8-4683-4E4A-BA94-AE22F5D0778F}.Release|x64.Build.0 = Release|x64
		{3AE0A0E8-4683-4E4A-BA94-AE22F5D0778F}.Release|x64.Deploy.0 = Release|x64
		{3AE0A0E8-4683-4E4A-BA94-AE22F5D0778F}.Release|x86.ActiveCfg = Release|x86
		{3AE0A0E8-4683-4E4A-BA94-AE22F5D0778F}.Release|x86.Build.0 = Release|x86
		{3AE0A0E8-4683-4E4A-BA94-AE22F5D0778F}.Release|x86.Deploy.0 = Release|x86
	EndGlobalSection
	GlobalSection(SolutionProperties) = preSolution
		HideSolutionNode = FALSE
	EndGlobalSection
	GlobalSection(ExtensibilityGlobals) = postSolution
		SolutionGuid = {FB3EA193-E8C1-4969-A089-D9EDFED20037}
	EndGlobalSection
EndGlobal
